lockfileVersion: '9.0'

settings:
  autoInstallPeers: true
  excludeLinksFromLockfile: false

importers:

  .:
    dependencies:
      '@inquirer/prompts':
        specifier: 8.3.0
        version: 8.3.0(@types/node@22.19.17)
      '@linear/sdk':
        specifier: 89.0.0
        version: 89.0.0(graphql@17.0.2)
      '@octokit/core':
        specifier: 7.0.6
        version: 7.0.6
      '@openai/codex':
        specifier: 0.148.0-alpha.8
        version: 0.148.0-alpha.8
      '@openai/codex-sdk':
        specifier: 0.148.0-alpha.8
        version: 0.148.0-alpha.8
      ajv:
        specifier: 8.20.0
        version: 8.20.0
      extract-zip:
        specifier: 2.0.1
        version: 2.0.1
      fast-uri:
        specifier: 3.1.5
        version: 3.1.5
      fflate:
        specifier: 0.8.2
        version: 0.8.2
      incur:
        specifier: 0.4.13
        version: 0.4.13
      ink:
        specifier: 6.8.0
        version: 6.8.0(@types/react@19.2.14)(react@19.2.4)
      papaparse:
        specifier: 5.5.3
        version: 5.5.3
      pdfjs-dist:
        specifier: 6.2.108
        version: 6.2.108
      react:
        specifier: 19.2.4
        version: 19.2.4
      smol-toml:
        specifier: 1.6.1
        version: 1.6.1
    devDependencies:
      '@types/bun':
        specifier: 1.3.13
        version: 1.3.13
      '@types/node':
        specifier: 22.19.17
        version: 22.19.17
      '@types/papaparse':
        specifier: 5.3.15
        version: 5.3.15
      '@types/react':
        specifier: 19.2.14
        version: 19.2.14
      ink-testing-library:
        specifier: 4.0.0
        version: 4.0.0(@types/react@19.2.14)
      json-schema-to-typescript:
        specifier: 15.0.4
        version: 15.0.4
      prettier:
        specifier: 3.2.5
        version: 3.2.5
      typescript:
        specifier: 5.7.3
        version: 5.7.3

packages:

  '@alcalzone/ansi-tokenize@0.2.5':
    resolution: {integrity: sha512-3NX/MpTdroi0aKz134A6RC2Gb2iXVECN4QaAXnvCIxxIm3C3AVB1mkUe8NaaiyvOpDfsrqWhYtj+Q6a62RrTsw==}
    engines: {node: '>=18'}

  '@apidevtools/json-schema-ref-parser@11.9.3':
    resolution: {integrity: sha512-60vepv88RwcJtSHrD6MjIL6Ta3SOYbgfnkHb+ppAVK+o9mXprRtulx7VlRl3lN3bbvysAfCS7WMVfhUYemB0IQ==}
    engines: {node: '>= 16'}

  '@cfworker/json-schema@4.1.1':
    resolution: {integrity: sha512-gAmrUZSGtKc3AiBL71iNWxDsyUC5uMaKKGdvzYsBoTW/xi42JQHl7eKV2OYzCUqvc+D2RCcf7EXY2iCyFIk6og==}

  '@graphql-typed-document-node/core@3.2.0':
    resolution: {integrity: sha512-mB9oAsNCm9aM3/SOv4YtBMqZbYj10R7dkq8byBqxGY/ncFwhf2oQzMV+LCRlWoDSEBJ3COiR1yeDvMtsoOsuFQ==}
    peerDependencies:
      graphql: ^0.8.0 || ^0.9.0 || ^0.10.0 || ^0.11.0 || ^0.12.0 || ^0.13.0 || ^14.0.0 || ^15.0.0 || ^16.0.0 || ^17.0.0

  '@inquirer/ansi@2.0.7':
    resolution: {integrity: sha512-3eTuUO1vH2cZm2ZKHeQxnOqlTi9EfZDGgIe3BL3I4u+rJHocr9Fz86M4fjYABPvFnQG/gGK551HqDiIcETwU6Q==}
    engines: {node: '>=23.5.0 || ^22.13.0 || ^20.17.0'}

  '@inquirer/checkbox@5.2.1':
    resolution: {integrity: sha512-b6xmA/VlTe0ZgDQHDui+Nav470u7u49nRd8/iuhOcQPO9Ch7lGuogydhi2VOmNlZ+zXcM8IcPuNSwQcdJaF/kw==}
    engines: {node: '>=23.5.0 || ^22.13.0 || ^20.17.0'}
    peerDependencies:
      '@types/node': '>=18'
    peerDependenciesMeta:
      '@types/node':
        optional: true

  '@inquirer/confirm@6.1.1':
    resolution: {integrity: sha512-eb8DBZcz/2qHWQda4rk2JiQk5h9QV/cVHi1yjt0f69WFZMRFn0sJTye3EAP8icut8UDMjQPsaH5KbcOogefrFQ==}
    engines: {node: '>=23.5.0 || ^22.13.0 || ^20.17.0'}
    peerDependencies:
      '@types/node': '>=18'
    peerDependenciesMeta:
      '@types/node':
        optional: true

  '@inquirer/core@11.2.1':
    resolution: {integrity: sha512-Qd6GJT1yVyrZZCfN8W2qKF5ApmqryXRhRKCuip8h01x2w/esJQ2XIYc6f9abMIHgKQdBfFTSOdbHRLAhuM09UA==}
    engines: {node: '>=23.5.0 || ^22.13.0 || ^20.17.0'}
    peerDependencies:
      '@types/node': '>=18'
    peerDependenciesMeta:
      '@types/node':
        optional: true

  '@inquirer/editor@5.2.2':
    resolution: {integrity: sha512-ZRVd/oD+sYsUd5zVm0NflqEzlqfYCyHNsqkHl2oWXEUHs12tCbcSFi+wVFEvD8+LGRaMUsVrE7qeo6lSG/S1Vg==}
    engines: {node: '>=23.5.0 || ^22.13.0 || ^20.17.0'}
    peerDependencies:
      '@types/node': '>=18'
    peerDependenciesMeta:
      '@types/node':
        optional: true

  '@inquirer/expand@5.1.1':
    resolution: {integrity: sha512-YmQpenjbFSHAK3sOd44puHh3V1KXXr+JiNpUztoSQ4drLh2rTVzTap/YtlAVu/5xavifIlBfNEzJ/neZJ1a/1g==}
    engines: {node: '>=23.5.0 || ^22.13.0 || ^20.17.0'}
    peerDependencies:
      '@types/node': '>=18'
    peerDependenciesMeta:
      '@types/node':
        optional: true

  '@inquirer/external-editor@3.0.3':
    resolution: {integrity: sha512-6thf5I8q7lZwzGLAxPaaGEREEkZ3nyePPDQ1oyobblxmEE8mqTLguScP7pDjUTAibiyb4hfXl+qjUEJ+di/aNA==}
    engines: {node: '>=23.5.0 || ^22.13.0 || ^20.17.0'}
    peerDependencies:
      '@types/node': '>=18'
    peerDependenciesMeta:
      '@types/node':
        optional: true

  '@inquirer/figures@2.0.7':
    resolution: {integrity: sha512-aJ8TBPOGB6f/2qziPfElISTCEd5XOYTFckA2SGjhNmiKzfK/u4ot3v0DUzGVdUnKjN10EqnnEPck36BkyfLnJw==}
    engines: {node: '>=23.5.0 || ^22.13.0 || ^20.17.0'}

  '@inquirer/input@5.1.2':
    resolution: {integrity: sha512-9K/DDBSQpOyZSkt6sOVP9Vo0TR7atX2kuILsUu0x3wVcVbe97lJwIJKMLdMw25tDYuXl/qp6erT0Xs1rfmcfZg==}
    engines: {node: '>=23.5.0 || ^22.13.0 || ^20.17.0'}
    peerDependencies:
      '@types/node': '>=18'
    peerDependenciesMeta:
      '@types/node':
        optional: true

  '@inquirer/number@4.1.1':
    resolution: {integrity: sha512-XF4IXAbPnGPgw0wsbC/i2tPcyfdZgDpUlhsqU0SfT4IRIGWha6Xm9VRgN5yYxJq+jnyXlfXI/nQ3ulfk0iEICA==}
    engines: {node: '>=23.5.0 || ^22.13.0 || ^20.17.0'}
    peerDependencies:
      '@types/node': '>=18'
    peerDependenciesMeta:
      '@types/node':
        optional: true

  '@inquirer/password@5.1.1':
    resolution: {integrity: sha512-3XBfF7DAsp5qeDsvN5Rd1HmbNokVvEQoUM0QLrRcybC9nX96w3Pbmu7qUsb3IT3J3jBvs2+mTXaKHOUsgHMLzg==}
    engines: {node: '>=23.5.0 || ^22.13.0 || ^20.17.0'}
    peerDependencies:
      '@types/node': '>=18'
    peerDependenciesMeta:
      '@types/node':
        optional: true

  '@inquirer/prompts@8.3.0':
    resolution: {integrity: sha512-JAj66kjdH/F1+B7LCigjARbwstt3SNUOSzMdjpsvwJmzunK88gJeXmcm95L9nw1KynvFVuY4SzXh/3Y0lvtgSg==}
    engines: {node: '>=23.5.0 || ^22.13.0 || ^21.7.0 || ^20.12.0'}
    peerDependencies:
      '@types/node': '>=18'
    peerDependenciesMeta:
      '@types/node':
        optional: true

  '@inquirer/rawlist@5.3.1':
    resolution: {integrity: sha512-QqdTqQddL3qPX/PPrjobpsO25NZ4dWXgTLenrR445L2ptLEYE6Z+PD5c5CNDJNx4ugRgELAIpSIJxZaO2jJ2Og==}
    engines: {node: '>=23.5.0 || ^22.13.0 || ^20.17.0'}
    peerDependencies:
      '@types/node': '>=18'
    peerDependenciesMeta:
      '@types/node':
        optional: true

  '@inquirer/search@4.2.1':
    resolution: {integrity: sha512-xJj8QWKRSrfKoBIITLZK61dD3zwo0Rz11fgDImku30/Oe81zMdIdGgrLY2h6RkJ+KZ/GhNYIRMKnH/62qBTA5g==}
    engines: {node: '>=23.5.0 || ^22.13.0 || ^20.17.0'}
    peerDependencies:
      '@types/node': '>=18'
    peerDependenciesMeta:
      '@types/node':
        optional: true

  '@inquirer/select@5.2.1':
    resolution: {integrity: sha512-FlDndEUww8m7BfukO2nJa25vhD+H5jxxCv4oGioKqzyWz3nPHhhw4LKdYRSlXuAx7DsdWia7iyaBPKKS95Evfw==}
    engines: {node: '>=23.5.0 || ^22.13.0 || ^20.17.0'}
    peerDependencies:
      '@types/node': '>=18'
    peerDependenciesMeta:
      '@types/node':
        optional: true

  '@inquirer/type@4.0.7':
    resolution: {integrity: sha512-t28inv14nMQ1PhKpsJPY+kEs/c00qzeCOS2gTNRyTjG5d6qsVA2fItxW4hkvGZ5lvanGLdtCzVIx5dwdRpN1+g==}
    engines: {node: '>=23.5.0 || ^22.13.0 || ^20.17.0'}
    peerDependencies:
      '@types/node': '>=18'
    peerDependenciesMeta:
      '@types/node':
        optional: true

  '@jsdevtools/ono@7.1.3':
    resolution: {integrity: sha512-4JQNk+3mVzK3xh2rqd6RB4J46qUR19azEHBneZyTZM+c456qOrbbM/5xcR8huNCCcbVt7+UmizG6GuUvPvKUYg==}

  '@linear/sdk@89.0.0':
    resolution: {integrity: sha512-LiV2wsIg1Wym4GgaAUMrALo953WEgIAAceyK8qL91q75Ws8+lqwAkPW252MHtwktZCR7exMBd5wCAdct3yLU7w==}
    engines: {node: '>=18.x'}

  '@modelcontextprotocol/core@2.0.0-beta.4':
    resolution: {integrity: sha512-nsMXd4wQBKzmph6r+WOhum+mXjDYljTAqwY/XUg3hLtvNOQ8+JVqBSJOVCMJvx9lXhTpTOPrGZ3BuNiaNPjSvg==}
    engines: {node: '>=20'}

  '@modelcontextprotocol/server@2.0.0-beta.4':
    resolution: {integrity: sha512-pjMZcNEt1dOq0aJCcY3b7w1Ayh+qmQN2xlfTELcGV9yiAjEGIczBPBLWWW0k0zzo5T8kiv15jtKPsWeHGxLvLg==}
    engines: {node: '>=20'}

  '@napi-rs/canvas-android-arm64@1.0.3':
    resolution: {integrity: sha512-7kSCdUhoXiO+AaIMXdBGdtp6EctZNkmF62Rea/BmVQlwKaM3bBhOzyGUzxyxz9dv5vdBfpyAaxhSRSJF4kqK4A==}
    engines: {node: '>= 10'}
    cpu: [arm64]
    os: [android]

  '@napi-rs/canvas-darwin-arm64@1.0.3':
    resolution: {integrity: sha512-ds14V1BPagLszQyaDTeggny5fNeTCqsUQ5QhFj9VDxSEfzrVxXtdbR0LoFyKa0Siaaw8KvqSk4t7k/WoZJwvbg==}
    engines: {node: '>= 10'}
    cpu: [arm64]
    os: [darwin]

  '@napi-rs/canvas-darwin-x64@1.0.3':
    resolution: {integrity: sha512-qof3LRAAycmkV2I1izZo9RoSHF8kCQr5O05sFwv0jK8rSdYV6KHVwimo6Qb7RxZj40WHKbLHm5JDaUF0o5XUAA==}
    engines: {node: '>= 10'}
    cpu: [x64]
    os: [darwin]

  '@napi-rs/canvas-linux-arm-gnueabihf@1.0.3':
    resolution: {integrity: sha512-FU2kKZLmolHA9+KcUA+l1+xH3WTLUUTQDU/kLv9SEUr2TrRPu94aytOeizFJDHPs/QBcw4QL1mCQhetQXYBbag==}
    engines: {node: '>= 10'}
    cpu: [arm]
    os: [linux]

  '@napi-rs/canvas-linux-arm64-gnu@1.0.3':
    resolution: {integrity: sha512-GVSjntxKeA+/y/ZKf1F+cmUw1WeIkE5aMRPqnZUlBTBvBcrvgWccJAWuYCKPX4QJQwZILIIwhgdAbl51yj6fpA==}
    engines: {node: '>= 10'}
    cpu: [arm64]
    os: [linux]
    libc: [glibc]

  '@napi-rs/canvas-linux-arm64-musl@1.0.3':
    resolution: {integrity: sha512-J51oK/axyZ13kxycumSMfLiDZMdWdOVvqDFI28BpuViZHE3A0bQfr8B5vg8YnPEnqLD3BSn1hkdlh2buspEcNQ==}
    engines: {node: '>= 10'}
    cpu: [arm64]
    os: [linux]
    libc: [musl]

  '@napi-rs/canvas-linux-riscv64-gnu@1.0.3':
    resolution: {integrity: sha512-CtQgQjoVTX67jS9XuCTtJ40Sl7wRLMguoFnnGnfDmCWf7kzKFZVwj5ynqUOIGKFMSB61ZCuQlwPvVNxYTTseaw==}
    engines: {node: '>= 10'}
    cpu: [riscv64]
    os: [linux]
    libc: [glibc]

  '@napi-rs/canvas-linux-x64-gnu@1.0.3':
    resolution: {integrity: sha512-jtfzAHFp+FRaR7zGT4jyCe6wUgAG/dVb5A4Apd8FY9jKarntDfUAlJXscugiH7ZF5kKnu7/lHFk9LaDPcrGEVQ==}
    engines: {node: '>= 10'}
    cpu: [x64]
    os: [linux]
    libc: [glibc]

  '@napi-rs/canvas-linux-x64-musl@1.0.3':
    resolution: {integrity: sha512-xTzaUCKUHTY4bCGadeeRZggbRVbGUT1petg7Z8r9AJR2+D9Bqu6nQAgqBGC6D47tA70LjaaaLTrJ7wNY1T74dg==}
    engines: {node: '>= 10'}
    cpu: [x64]
    os: [linux]
    libc: [musl]

  '@napi-rs/canvas-win32-arm64-msvc@1.0.3':
    resolution: {integrity: sha512-ktVLuBkI6QVOm5BwO/WbdGwxgeetAMJa7TTmR8qBarXF0OU2NKjvjUtPJAl2y8t+zBRczJl/1VOl9gua6WcK2g==}
    engines: {node: '>= 10'}
    cpu: [arm64]
    os: [win32]

  '@napi-rs/canvas-win32-x64-msvc@1.0.3':
    resolution: {integrity: sha512-SGhlQ8bDjL1Cz2KnsKMasr/5sTcwG/SZkB6WCJxLsmSm/3aS2C+3p39bA7iZ2/94+NkVDySZfbiGoaSZSFHYxA==}
    engines: {node: '>= 10'}
    cpu: [x64]
    os: [win32]

  '@napi-rs/canvas@1.0.3':
    resolution: {integrity: sha512-OlI657a5XXvKGFX7kNeIzJ8rO7IXt87Mqu2H8rXE46viAuOfum/JA7ysX7+eBhxNKznT+RCZh418mndlcFX3+w==}
    engines: {node: '>= 10'}

  '@octokit/auth-token@6.0.0':
    resolution: {integrity: sha512-P4YJBPdPSpWTQ1NU4XYdvHvXJJDxM6YwpS0FZHRgP7YFkdVxsWcpWGy/NVqlAA7PcPCnMacXlRm1y2PFZRWL/w==}
    engines: {node: '>= 20'}

  '@octokit/core@7.0.6':
    resolution: {integrity: sha512-DhGl4xMVFGVIyMwswXeyzdL4uXD5OGILGX5N8Y+f6W7LhC1Ze2poSNrkF/fedpVDHEEZ+PHFW0vL14I+mm8K3Q==}
    engines: {node: '>= 20'}

  '@octokit/endpoint@11.0.3':
    resolution: {integrity: sha512-FWFlNxghg4HrXkD3ifYbS/IdL/mDHjh9QcsNyhQjN8dplUoZbejsdpmuqdA76nxj2xoWPs7p8uX2SNr9rYu0Ag==}
    engines: {node: '>= 20'}

  '@octokit/graphql@9.0.3':
    resolution: {integrity: sha512-grAEuupr/C1rALFnXTv6ZQhFuL1D8G5y8CN04RgrO4FIPMrtm+mcZzFG7dcBm+nq+1ppNixu+Jd78aeJOYxlGA==}
    engines: {node: '>= 20'}

  '@octokit/openapi-types@27.0.0':
    resolution: {integrity: sha512-whrdktVs1h6gtR+09+QsNk2+FO+49j6ga1c55YZudfEG+oKJVvJLQi3zkOm5JjiUXAagWK2tI2kTGKJ2Ys7MGA==}

  '@octokit/request-error@7.1.0':
    resolution: {integrity: sha512-KMQIfq5sOPpkQYajXHwnhjCC0slzCNScLHs9JafXc4RAJI+9f+jNDlBNaIMTvazOPLgb4BnlhGJOTbnN0wIjPw==}
    engines: {node: '>= 20'}

  '@octokit/request@10.0.11':
    resolution: {integrity: sha512-+s7HUxjfFqOMS9VlIwDffq0MikjSAK0gSpG73W+meAvVAvX4MBrHYTK5Bj3Uot55qFT4gzUtfzE4mGWY4Br8/Q==}
    engines: {node: '>= 20'}

  '@octokit/types@16.0.0':
    resolution: {integrity: sha512-sKq+9r1Mm4efXW1FCk7hFSeJo4QKreL/tTbR0rz/qx/r1Oa2VV83LTA/H/MuCOX7uCIJmQVRKBcbmWoySjAnSg==}

  '@openai/codex-sdk@0.148.0-alpha.8':
    resolution: {integrity: sha512-3t54+WC9E/YANQIf2LomahmLXYe8pOuCe5//wZi4tE7o2sjJPCBA01g3ySlMUjXdQrVZC7J+KzOekTBGabwLnA==}
    engines: {node: '>=18'}

  '@openai/codex@0.148.0-alpha.8':
    resolution: {integrity: sha512-+fOazxjtlG8SMs/TJi96Ta3OcZd2fgTR2Qi25eOemr6ehLYHFag4mEU7Ko2KLNoLOk8xtbvVvduZa0Ebk2AGOg==}
    engines: {node: '>=16'}
    hasBin: true

  '@openai/codex@0.148.0-alpha.8-darwin-arm64':
    resolution: {integrity: sha512-9V4LsW8Sg5u8yyR1HwLdtXo7ywIfQnyRJbcxnUfT2k2Y7CPn+DFnK/zPtXJdpXC2BVh4NTjyLKDGj+iD2UgqSA==}
    engines: {node: '>=16'}
    cpu: [arm64]
    os: [darwin]

  '@openai/codex@0.148.0-alpha.8-darwin-x64':
    resolution: {integrity: sha512-D3V9D9v/UanU+Qf2wm3c937Dfw+/WlvWgq03yPtOlrzPWiQMorEYwdHvHdH5b2qz9pCCp1LxQicqLPbME6PjoA==}
    engines: {node: '>=16'}
    cpu: [x64]
    os: [darwin]

  '@openai/codex@0.148.0-alpha.8-linux-arm64':
    resolution: {integrity: sha512-bGv145obh67MDW28apTtIX8LSho3vz7mQhknfIfYHhwkUFLb7vInI68CQqST7ZxkBVje7mCjvqzP/Bz38rf2bg==}
    engines: {node: '>=16'}
    cpu: [arm64]
    os: [linux]

  '@openai/codex@0.148.0-alpha.8-linux-x64':
    resolution: {integrity: sha512-UbWizYL5piFXvG/O9ykqOd7G5dc9SmG/rFIWwWIKrWqhL/OVdO31WbRXa4OqhnRGmoOmmgPey1Smi2X0rGm9kw==}
    engines: {node: '>=16'}
    cpu: [x64]
    os: [linux]

  '@openai/codex@0.148.0-alpha.8-win32-arm64':
    resolution: {integrity: sha512-YwKtu/g2hEN1AquplybyRuacoSJOw1blVEED+y3GsImnG5BhfOKDV4c5XOvgohbPXs1nUbuMP6y8s4P3KRC4uQ==}
    engines: {node: '>=16'}
    cpu: [arm64]
    os: [win32]

  '@openai/codex@0.148.0-alpha.8-win32-x64':
    resolution: {integrity: sha512-tBW2FpwZHHSYw13pKKwRJzUh5Xp8KnwsaOqoUXX4s2tq+ydq4TZqReVN0LR+7lhajDVEm2e5rfGNUCh+B1asmw==}
    engines: {node: '>=16'}
    cpu: [x64]
    os: [win32]

  '@scalar/openapi-types@0.8.0':
    resolution: {integrity: sha512-WmaxVSfvY5K/TwcG2B2TU1WOe1As1uc2s7myswtP6dBlcjU3hM08SApxv/jmyGaCE8t4gO5BBhmHY4pDUfmr2g==}
    engines: {node: '>=22'}

  '@toon-format/toon@2.3.0':
    resolution: {integrity: sha512-/Ew9etdRQKVMnm9fDaCG0JjyAOK/O7T0M97oum1aW4W+UR8ZhVVPBanIV7oWgHBiGlnVxV9M55PWQCHofDV07w==}

  '@types/bun@1.3.13':
    resolution: {integrity: sha512-9fqXWk5YIHGGnUau9TEi+qdlTYDAnOj+xLCmSTwXfAIqXr2x4tytJb43E9uCvt09zJURKXwAtkoH4nLQfzeTXw==}

  '@types/json-schema@7.0.15':
    resolution: {integrity: sha512-5+fP8P8MFNC+AyZCDxrB2pkZFPGzqQWUzpSeuuVLvm8VMcorNYavBqoFcxK8bQz4Qsbn4oUEEem4wDLfcysGHA==}

  '@types/lodash@4.17.24':
    resolution: {integrity: sha512-gIW7lQLZbue7lRSWEFql49QJJWThrTFFeIMJdp3eH4tKoxm1OvEPg02rm4wCCSHS0cL3/Fizimb35b7k8atwsQ==}

  '@types/node@22.19.17':
    resolution: {integrity: sha512-wGdMcf+vPYM6jikpS/qhg6WiqSV/OhG+jeeHT/KlVqxYfD40iYJf9/AE1uQxVWFvU7MipKRkRv8NSHiCGgPr8Q==}

  '@types/papaparse@5.3.15':
    resolution: {integrity: sha512-JHe6vF6x/8Z85nCX4yFdDslN11d+1pr12E526X8WAfhadOeaOTx5AuIkvDKIBopfvlzpzkdMx4YyvSKCM9oqtw==}

  '@types/react@19.2.14':
    resolution: {integrity: sha512-ilcTH/UniCkMdtexkoCN0bI7pMcJDvmQFPvuPvmEaYA/NSfFTAgdUSLAoVjaRJm7+6PvcM+q1zYOwS4wTYMF9w==}

  '@types/yauzl@2.10.3':
    resolution: {integrity: sha512-oJoftv0LSuaDZE3Le4DbKX+KS9G36NzOeSap90UIK0yMA/NhKJhqlSGtNDORNRaIbQfzjXDrQa0ytJ6mNRGz/Q==}

  ajv@8.20.0:
    resolution: {integrity: sha512-Thbli+OlOj+iMPYFBVBfJ3OmCAnaSyNn4M1vz9T6Gka5Jt9ba/HIR56joy65tY6kx/FCF5VXNB819Y7/GUrBGA==}

  ansi-escapes@7.3.0:
    resolution: {integrity: sha512-BvU8nYgGQBxcmMuEeUEmNTvrMVjJNSH7RgW24vXexN4Ven6qCvy4TntnvlnwnMLTVlcRQQdbRY8NKnaIoeWDNg==}
    engines: {node: '>=18'}

  ansi-regex@6.2.2:
    resolution: {integrity: sha512-Bq3SmSpyFHaWjPk8If9yc6svM8c56dB5BAtW4Qbw5jHTwwXXcTLoRMkpDJp6VL0XzlWaCHTXrkFURMYmD0sLqg==}
    engines: {node: '>=12'}

  ansi-styles@6.2.3:
    resolution: {integrity: sha512-4Dj6M28JB+oAH8kFkTLUo+a2jwOFkuqb3yucU0CANcRRUbxS0cP0nZYCGjcc3BNXwRIsUVmDGgzawme7zvJHvg==}
    engines: {node: '>=12'}

  argparse@2.0.1:
    resolution: {integrity: sha512-8+9WqebbFzpX9OR+Wa6O29asIogeRMzcGtAINdpMHHyAg10f05aSFVBbcEqGf/PXw1EjAZ+q2/bEBg3DvurK3Q==}

  auto-bind@5.0.1:
    resolution: {integrity: sha512-ooviqdwwgfIfNmDwo94wlshcdzfO64XV0Cg6oDsDYBJfITDz1EngD2z7DkbvCWn+XIMsIqW27sEVF6qcpJrRcg==}
    engines: {node: ^12.20.0 || ^14.13.1 || >=16.0.0}

  before-after-hook@4.0.0:
    resolution: {integrity: sha512-q6tR3RPqIB1pMiTRMFcZwuG5T8vwp+vUvEG0vuI6B+Rikh5BfPp2fQ82c925FOs+b0lcFQ8CFrL+KbilfZFhOQ==}

  buffer-crc32@0.2.13:
    resolution: {integrity: sha512-VO9Ht/+p3SN7SKWqcrgEzjGbRSJYTx+Q1pTQC0wrWqHx0vpJraQ6GtHx8tvcg1rlK1byhU5gccxgOgj7B0TDkQ==}

  bun-types@1.3.13:
    resolution: {integrity: sha512-QXKeHLlOLqQX9LgYaHJfzdBaV21T63HhFJnvuRCcjZiaUDpbs5ED1MgxbMra71CsryN/1dAoXuJJJwIv/2drVA==}

  chalk@5.6.2:
    resolution: {integrity: sha512-7NzBL0rN6fMUW+f7A6Io4h40qQlG+xGmtMxfbnH/K7TAtt8JQWVQK+6g0UXKMeVJoyV5EkkNsErQ8pVD3bLHbA==}
    engines: {node: ^12.17.0 || ^14.13 || >=16.0.0}

  chardet@2.2.0:
    resolution: {integrity: sha512-rddelWYNPRrXq6PtNEN2S3f6t9ILzvqaN5pVgi4kqt9jHQaXIial9PznB5iSPVlQSLNaaH22ItWz3EJtQ10+OA==}

  cli-boxes@3.0.0:
    resolution: {integrity: sha512-/lzGpEWL/8PfI0BmBOPRwp0c/wFNX1RdUML3jK/RcSBA9T8mZDdQpqYBKtCFTOfQbwPqWEOpjqW+Fnayc0969g==}
    engines: {node: '>=10'}

  cli-cursor@4.0.0:
    resolution: {integrity: sha512-VGtlMu3x/4DOtIUwEkRezxUZ2lBacNJCHash0N0WeZDBS+7Ux1dm3XWAgWYxLJFMMdOeXMHXorshEFhbMSGelg==}
    engines: {node: ^12.20.0 || ^14.13.1 || >=16.0.0}

  cli-truncate@5.2.0:
    resolution: {integrity: sha512-xRwvIOMGrfOAnM1JYtqQImuaNtDEv9v6oIYAs4LIHwTiKee8uwvIi363igssOC0O5U04i4AlENs79LQLu9tEMw==}
    engines: {node: '>=20'}

  cli-width@4.1.0:
    resolution: {integrity: sha512-ouuZd4/dm2Sw5Gmqy6bGyNNNe1qt9RpmxveLSO7KcgsTnU7RXfsw+/bukWGo1abgBiMAic068rclZsO4IWmmxQ==}
    engines: {node: '>= 12'}

  code-excerpt@4.0.0:
    resolution: {integrity: sha512-xxodCmBen3iy2i0WtAK8FlFNrRzjUqjRsMfho58xT/wvZU1YTM3fCnRjcy1gJPMepaRlgm/0e6w8SpWHpn3/cA==}
    engines: {node: ^12.20.0 || ^14.13.1 || >=16.0.0}

  content-type@2.0.0:
    resolution: {integrity: sha512-j/O/d7GcZCyNl7/hwZAb606rzqkyvaDctLmckbxLzHvFBzTJHuGEdodATcP3yIRoDrLHkIATJuvzbFlp/ki2cQ==}
    engines: {node: '>=18'}

  convert-to-spaces@2.0.1:
    resolution: {integrity: sha512-rcQ1bsQO9799wq24uE5AM2tAILy4gXGIK/njFWcVQkGNZ96edlpY+A7bjwvzjYvLDyzmG1MmMLZhpcsb+klNMQ==}
    engines: {node: ^12.20.0 || ^14.13.1 || >=16.0.0}

  csstype@3.2.3:
    resolution: {integrity: sha512-z1HGKcYy2xA8AGQfwrn0PAy+PB7X/GSj3UVJW9qKyn43xWa+gl5nXmU4qqLMRzWVLFC8KusUX8T/0kCiOYpAIQ==}

  debug@4.4.3:
    resolution: {integrity: sha512-RGwwWnwQvkVfavKVt22FGLw+xYSdzARwm0ru6DhTVA3umU5hZc28V3kO4stgYryrTlLpuvgI9GiijltAjNbcqA==}
    engines: {node: '>=6.0'}
    peerDependencies:
      supports-color: '*'
    peerDependenciesMeta:
      supports-color:
        optional: true

  emoji-regex@10.6.0:
    resolution: {integrity: sha512-toUI84YS5YmxW219erniWD0CIVOo46xGKColeNQRgOzDorgBi1v4D71/OFzgD9GO2UGKIv1C3Sp8DAn0+j5w7A==}

  end-of-stream@1.4.5:
    resolution: {integrity: sha512-ooEGc6HP26xXq/N+GCGOT0JKCLDGrq2bQUZrQ7gyrJiZANJ/8YDTxTpQBXGMn+WbIQXNVpyWymm7KYVICQnyOg==}

  environment@1.1.0:
    resolution: {integrity: sha512-xUtoPkMggbz0MPyPiIWr1Kp4aeWJjDZ6SMvURhimjdZgsRuDplF5/s9hcgGhyXMhs+6vpnuoiZ2kFiu3FMnS8Q==}
    engines: {node: '>=18'}

  es-toolkit@1.50.0:
    resolution: {integrity: sha512-OyZKhUVvEep9ITEiwHn8GKnMRQIVqoSIX7WnRbkWgJkllCujilqP2rD0u979tkl8wqyc8ICwlc1UBVv/Sl1G6w==}

  escape-string-regexp@2.0.0:
    resolution: {integrity: sha512-UpzcLCXolUWcNu5HtVMHYdXJjArjsF9C0aNnquZYY4uW/Vu0miy5YoWvbV345HauVvcAUnpRuhMMcqTcGOY2+w==}
    engines: {node: '>=8'}

  extract-zip@2.0.1:
    resolution: {integrity: sha512-GDhU9ntwuKyGXdZBUgTIe+vXnWj0fppUEtMDL0+idd5Sta8TGpHssn/eusA9mrPr9qNDym6SxAYZjNvCn/9RBg==}
    engines: {node: '>= 10.17.0'}
    hasBin: true

  fast-deep-equal@3.1.3:
    resolution: {integrity: sha512-f3qQ9oQy9j2AhBe/H9VC91wLmKBCCU/gDOnKNAYG5hswO7BLKj09Hc5HYNz9cGI++xlpDCIgDaitVs03ATR84Q==}

  fast-string-truncated-width@3.0.3:
    resolution: {integrity: sha512-0jjjIEL6+0jag3l2XWWizO64/aZVtpiGE3t0Zgqxv0DPuxiMjvB3M24fCyhZUO4KomJQPj3LTSUnDP3GpdwC0g==}

  fast-string-width@3.0.2:
    resolution: {integrity: sha512-gX8LrtNEI5hq8DVUfRQMbr5lpaS4nMIWV+7XEbXk2b8kiQIizgnlr12B4dA3ZEx3308ze0O4Q1R+cHts8kyUJg==}

  fast-uri@3.1.5:
    resolution: {integrity: sha512-gHwA1O9LDIcKunMKhObS/HimwtehO1nPUECKAu5TpKgaO19fcWEl4bliWe1jWxVFvIXztJjjQ4L8XQ1EU9f7Jw==}

  fast-wrap-ansi@0.2.2:
    resolution: {integrity: sha512-7F2Fl+TjRSenLqlU3UjSH0iyqopqoZIu7eZVpEirP2g1GtWa2G/ecEmBdgz31+Mxr+ELclgg6sokpSFIQiZ02Q==}

  fd-slicer@1.1.0:
    resolution: {integrity: sha512-cE1qsB/VwyQozZ+q1dGxR8LBYNZeofhEdUNGSMbQD3Gw2lAzX9Zb3uIU6Ebc/Fmyjo9AWWfnn0AUCHqtevs/8g==}

  fdir@6.5.0:
    resolution: {integrity: sha512-tIbYtZbucOs0BRGqPJkshJUYdL+SDH7dVM8gjy+ERp3WAUjLEFJE+02kanyHtwjWOnwrKYBiwAmM0p4kLJAnXg==}
    engines: {node: '>=12.0.0'}
    peerDependencies:
      picomatch: ^3 || ^4
    peerDependenciesMeta:
      picomatch:
        optional: true

  fflate@0.8.2:
    resolution: {integrity: sha512-cPJU47OaAoCbg0pBvzsgpTPhmhqI5eJjh/JIu8tPj5q+T7iLvW/JAYUqmE7KOB4R1ZyEhzBaIQpQpardBF5z8A==}

  get-east-asian-width@1.6.0:
    resolution: {integrity: sha512-QRbvDIbx6YklUe6RxeTeleMR0yv3cYH6PsPZHcnVn7xv7zO1BHN8r0XETu8n6Ye3Q+ahtSarc3WgtNWmehIBfA==}
    engines: {node: '>=18'}

  get-stream@5.2.0:
    resolution: {integrity: sha512-nBF+F1rAZVCu/p7rjzgA+Yb4lfYXrpl7a6VmJrU8wF9I1CKvP/QwPNZHnOlwbTkY6dvtFIzFMSyQXbLoTQPRpA==}
    engines: {node: '>=8'}

  graphql@17.0.2:
    resolution: {integrity: sha512-FRWbddMxfkjiB7z+aQDWIR+E34xo9I8c9mtK2RPv8PmMzKRvrdsreHL/Ui/TmwHJfhHChEtsFPyMHKI+xuarQQ==}
    engines: {node: ^22.0.0 || ^24.0.0 || ^25.0.0 || >=26.0.0}

  iconv-lite@0.7.3:
    resolution: {integrity: sha512-IKXpvIzjnC9XTAUbVBcMfGS0EPaIXtW6v+zr+RRp+hqULEpo0owZax6wyRwPOJbWbzjYspQwusTsfVr0ifh4uQ==}
    engines: {node: '>=0.10.0'}

  incur@0.4.13:
    resolution: {integrity: sha512-BeKlYFLIsRCgC8IxsUd3S2/4kPeZaNf1Rbz+Kz41jQII4jOgr7j5w4KYe00aAEQa3V0Ur57BVxE5JDTx8L2s5Q==}
    engines: {node: '>=22'}
    hasBin: true

  indent-string@5.0.0:
    resolution: {integrity: sha512-m6FAo/spmsW2Ab2fU35JTYwtOKa2yAwXSwgjSv1TJzh4Mh7mC3lzAOVLBprb72XsTrgkEIsl7YrFNAiDiRhIGg==}
    engines: {node: '>=12'}

  ink-testing-library@4.0.0:
    resolution: {integrity: sha512-yF92kj3pmBvk7oKbSq5vEALO//o7Z9Ck/OaLNlkzXNeYdwfpxMQkSowGTFUCS5MSu9bWfSZMewGpp7bFc66D7Q==}
    engines: {node: '>=18'}
    peerDependencies:
      '@types/react': '>=18.0.0'
    peerDependenciesMeta:
      '@types/react':
        optional: true

  ink@6.8.0:
    resolution: {integrity: sha512-sbl1RdLOgkO9isK42WCZlJCFN9hb++sX9dsklOvfd1YQ3bQ2AiFu12Q6tFlr0HvEUvzraJntQCCpfEoUe9DSzA==}
    engines: {node: '>=20'}
    peerDependencies:
      '@types/react': '>=19.0.0'
      react: '>=19.0.0'
      react-devtools-core: '>=6.1.2'
    peerDependenciesMeta:
      '@types/react':
        optional: true
      react-devtools-core:
        optional: true

  is-extglob@2.1.1:
    resolution: {integrity: sha512-SbKbANkN603Vi4jEZv49LeVJMn4yGwsbzZworEoyEiutsN3nJYdbO36zfhGJ6QEDpOZIFkDtnq5JRxmvl3jsoQ==}
    engines: {node: '>=0.10.0'}

  is-fullwidth-code-point@5.1.0:
    resolution: {integrity: sha512-5XHYaSyiqADb4RnZ1Bdad6cPp8Toise4TzEjcOYDHZkTCbKgiUl7WTUCpNWHuxmDt91wnsZBc9xinNzopv3JMQ==}
    engines: {node: '>=18'}

  is-glob@4.0.3:
    resolution: {integrity: sha512-xelSayHH36ZgE7ZWhli7pW34hNbNl8Ojv5KVmkJD4hBdD3th8Tfk9vYasLM+mXWOZhFkgZfxhLSnrwRr4elSSg==}
    engines: {node: '>=0.10.0'}

  is-in-ci@2.0.0:
    resolution: {integrity: sha512-cFeerHriAnhrQSbpAxL37W1wcJKUUX07HyLWZCW1URJT/ra3GyUTzBgUnh24TMVfNTV2Hij2HLxkPHFZfOZy5w==}
    engines: {node: '>=20'}
    hasBin: true

  js-yaml@4.3.1:
    resolution: {integrity: sha512-CY6crGq313MX8GkwvB7tzgp99vjQxY1++5y10/BKN/GUfHqWaOGQMNZkBvqSzsZKWk/ijwHlWzzkLulsGHhjWQ==}
    hasBin: true

  json-schema-to-typescript@15.0.4:
    resolution: {integrity: sha512-Su9oK8DR4xCmDsLlyvadkXzX6+GGXJpbhwoLtOGArAG61dvbW4YQmSEno2y66ahpIdmLMg6YUf/QHLgiwvkrHQ==}
    engines: {node: '>=16.0.0'}
    hasBin: true

  json-schema-traverse@1.0.0:
    resolution: {integrity: sha512-NM8/P9n3XjXhIZn1lLhkFaACTOURQXjWhV4BA/RnOv8xvgqtqpAX9IO4mRQxSx1Rlo4tqzeqb0sOlruaOy3dug==}

  json-with-bigint@3.5.10:
    resolution: {integrity: sha512-Vcx+JVNEBts/xfcoCS69sKrOhOk/3TVlvlT+XzUOefVKnnrbYSCKpDCm10pohsJFtsJVYnwa/cXRZ4eElzaM6w==}

  lodash@4.18.1:
    resolution: {integrity: sha512-dMInicTPVE8d1e5otfwmmjlxkZoUpiVLwyeTdUsi/Caj/gfzzblBcCE5sRHV/AsjuCmxWrte2TNGSYuCeCq+0Q==}

  mimic-fn@2.1.0:
    resolution: {integrity: sha512-OqbOk5oEQeAZ8WXWydlu9HJjz9WVdEIvamMCcXmuqUYjTknH/sqsWvhQ3vgwKFRR1HpjvNBKQ37nbJgYzGqGcg==}
    engines: {node: '>=6'}

  minimist@1.2.8:
    resolution: {integrity: sha512-2yyAR8qBkN3YuheJanUpWC5U3bb5osDywNB8RzDVlDwDHbocAJveqqj1u8+SVD7jkWT4yvsHCpWqqWqAxb0zCA==}

  ms@2.1.3:
    resolution: {integrity: sha512-6FlzubTLZG3J2a/NVCAleEhjzq5oxgHyaCU9yYXvcLsvoVaHJq/s5xXI6/XXP6tz7R9xAOtHnSO/tXtF3WRTlA==}

  mute-stream@3.0.0:
    resolution: {integrity: sha512-dkEJPVvun4FryqBmZ5KhDo0K9iDXAwn08tMLDinNdRBNPcYEDiWYysLcc6k3mjTMlbP9KyylvRpd4wFtwrT9rw==}
    engines: {node: ^20.17.0 || >=22.9.0}

  once@1.4.0:
    resolution: {integrity: sha512-lNaJgI+2Q5URQBkccEKHTQOPaXdUxnZZElQTZY0MFUAuaEqe1E+Nyvgdz/aIyNi6Z9MzO5dv1H8n58/GELp3+w==}

  onetime@5.1.2:
    resolution: {integrity: sha512-kbpaSSGJTWdAY5KPVeMOKXSrPtr8C8C7wodJbcsd51jRnmD+GZu8Y0VoU6Dm5Z4vWr0Ig/1NKuWRKf7j5aaYSg==}
    engines: {node: '>=6'}

  papaparse@5.5.3:
    resolution: {integrity: sha512-5QvjGxYVjxO59MGU2lHVYpRWBBtKHnlIAcSe1uNFCkkptUh63NFRj0FJQm7nR67puEruUci/ZkjmEFrjCAyP4A==}

  patch-console@2.0.0:
    resolution: {integrity: sha512-0YNdUceMdaQwoKce1gatDScmMo5pu/tfABfnzEqeG0gtTmd7mh/WcwgUjtAeOU7N8nFFlbQBnFK2gXW5fGvmMA==}
    engines: {node: ^12.20.0 || ^14.13.1 || >=16.0.0}

  pdfjs-dist@6.2.108:
    resolution: {integrity: sha512-YxFb+SQcodN2rnX9Tn3dHYlqfb7NjlzzfONPpJd+AKoKtUjEdevTfbC07d5TcczzOK6261auRkP/M8OBHs9vFQ==}
    engines: {node: '>=22.13.0 || >=24'}

  pend@1.2.0:
    resolution: {integrity: sha512-F3asv42UuXchdzt+xXqfW1OGlVBe+mxa2mqI0pg5yAHZPvFmY3Y6drSf/GQ1A86WgWEN9Kzh/WrgKa6iGcHXLg==}

  picomatch@4.0.5:
    resolution: {integrity: sha512-RvwwcruNjI1ncT5xRakeyS9Lf8lcItv34KD+aif+VH9kduAyfYBipGh12274xtenIPZ119/R9BdTBa8gAwSh0A==}
    engines: {node: '>=12'}

  prettier@3.2.5:
    resolution: {integrity: sha512-3/GWa9aOC0YeD7LUfvOG2NiDyhOWRvt1k+rcKhOuYnMY24iiCphgneUfJDyFXd6rZCAnuLBv6UeAULtrhT/F4A==}
    engines: {node: '>=14'}
    hasBin: true

  pump@3.0.4:
    resolution: {integrity: sha512-VS7sjc6KR7e1ukRFhQSY5LM2uBWAUPiOPa/A3mkKmiMwSmRFUITt0xuj+/lesgnCv+dPIEYlkzrcyXgquIHMcA==}

  react-reconciler@0.33.0:
    resolution: {integrity: sha512-KetWRytFv1epdpJc3J4G75I4WrplZE5jOL7Yq0p34+OVOKF4Se7WrdIdVC45XsSSmUTlht2FM/fM1FZb1mfQeA==}
    engines: {node: '>=0.10.0'}
    peerDependencies:
      react: ^19.2.0

  react@19.2.4:
    resolution: {integrity: sha512-9nfp2hYpCwOjAN+8TZFGhtWEwgvWHXqESH8qT89AT/lWklpLON22Lc8pEtnpsZz7VmawabSU0gCjnj8aC0euHQ==}
    engines: {node: '>=0.10.0'}

  require-from-string@2.0.2:
    resolution: {integrity: sha512-Xf0nWe6RseziFMu+Ap9biiUbmplq6S9/p+7w7YXP/JBHhrUDDUhwa+vANyubuqfZWTveU//DYVGsDG7RKL/vEw==}
    engines: {node: '>=0.10.0'}

  restore-cursor@4.0.0:
    resolution: {integrity: sha512-I9fPXU9geO9bHOt9pHHOhOkYerIMsmVaWB0rA2AI9ERh/+x/i7MV5HKBNrg+ljO5eoPVgCcnFuRjJ9uH6I/3eg==}
    engines: {node: ^12.20.0 || ^14.13.1 || >=16.0.0}

  safer-buffer@2.1.2:
    resolution: {integrity: sha512-YZo3K82SD7Riyi0E1EQPojLz7kpepnSQI9IyPbHHg1XXXevb5dJI7tpyN2ADxGcQbHG7vcyRHk0cbwqcQriUtg==}

  scheduler@0.27.0:
    resolution: {integrity: sha512-eNv+WrVbKu1f3vbYJT/xtiF5syA5HPIMtf9IgY/nKg0sWqzAUEvqY/xm7OcZc/qafLx/iO9FgOmeSAp4v5ti/Q==}

  signal-exit@3.0.7:
    resolution: {integrity: sha512-wnD2ZE+l+SPC/uoS0vXeE9L1+0wuaMqKlfz9AMUo38JsyLSBWSFcHR1Rri62LZc12vLr1gb3jl7iwQhgwpAbGQ==}

  signal-exit@4.1.0:
    resolution: {integrity: sha512-bzyZ1e88w9O1iNJbKnOlvYTrWPDl46O1bG0D3XInv+9tkPrxrN8jUUTiFlDkkmKWgn1M6CfIA13SuGqOa9Korw==}
    engines: {node: '>=14'}

  slice-ansi@8.0.0:
    resolution: {integrity: sha512-stxByr12oeeOyY2BlviTNQlYV5xOj47GirPr4yA1hE9JCtxfQN0+tVbkxwCtYDQWhEKWFHsEK48ORg5jrouCAg==}
    engines: {node: '>=20'}

  smol-toml@1.6.1:
    resolution: {integrity: sha512-dWUG8F5sIIARXih1DTaQAX4SsiTXhInKf1buxdY9DIg4ZYPZK5nGM1VRIYmEbDbsHt7USo99xSLFu5Q1IqTmsg==}
    engines: {node: '>= 18'}

  stack-utils@2.0.6:
    resolution: {integrity: sha512-XlkWvfIm6RmsWtNJx+uqtKLS8eqFbxUg0ZzLXqY0caEy9l7hruX8IpiDnjsLavoBgqCCR71TqWO8MaXYheJ3RQ==}
    engines: {node: '>=10'}

  string-width@7.2.0:
    resolution: {integrity: sha512-tsaTIkKW9b4N+AEj+SVA+WhJzV7/zMhcSu78mLKWSk7cXMOSHsBKFWUs0fWwq8QyK3MgJBQRX6Gbi4kYbdvGkQ==}
    engines: {node: '>=18'}

  string-width@8.2.2:
    resolution: {integrity: sha512-GaPUh5gfdrYzqeVNZvUfT23vYYxXzKYidUcnMtJg/3rxRV63EFZy3k6xfKlmfeJD0176lnUV/Usr3XcwSvFzpg==}
    engines: {node: '>=20'}

  strip-ansi@7.2.0:
    resolution: {integrity: sha512-yDPMNjp4WyfYBkHnjIRLfca1i6KMyGCtsVgoKe/z1+6vukgaENdgGBZt+ZmKPc4gavvEZ5OgHfHdrazhgNyG7w==}
    engines: {node: '>=12'}

  tagged-tag@1.0.0:
    resolution: {integrity: sha512-yEFYrVhod+hdNyx7g5Bnkkb0G6si8HJurOoOEgC8B/O0uXLHlaey/65KRv6cuWBNhBgHKAROVpc7QyYqE5gFng==}
    engines: {node: '>=20'}

  terminal-size@4.0.1:
    resolution: {integrity: sha512-avMLDQpUI9I5XFrklECw1ZEUPJhqzcwSWsyyI8blhRLT+8N1jLJWLWWYQpB2q2xthq8xDvjZPISVh53T/+CLYQ==}
    engines: {node: '>=18'}

  tinyglobby@0.2.17:
    resolution: {integrity: sha512-wXR/dYpcqKmfWpEdZjiKJOwCNFndD0DMnrW/cYjVGttEkBfVgcLFHoNrlj47mjOVic9yyNu65alsgF4NQyTa2g==}
    engines: {node: '>=12.0.0'}

  tokenx@1.3.0:
    resolution: {integrity: sha512-NLdXTEZkKiO0gZuLtMoZKjCXTREXeZZt8nnnNeyoXtNZAfG/GKGSbQtLU5STspc0rMSwcA+UJfWZkbNU01iKmQ==}

  type-fest@5.8.0:
    resolution: {integrity: sha512-YGYEVz3Fm5iy/AybuA0oyNFq7H4CgQNfRp/qfe8nurE1kuCeNm3/vfm9X4Mtl+qLyaKJUh5xrFZwogr41SMjYA==}
    engines: {node: '>=20'}

  typescript@5.7.3:
    resolution: {integrity: sha512-84MVSjMEHP+FQRPy3pX9sTVV/INIex71s9TL2Gm5FG/WG1SqXeKyZ0k7/blY/4FdOzI12CBy1vGc4og/eus0fw==}
    engines: {node: '>=14.17'}
    hasBin: true

  undici-types@6.21.0:
    resolution: {integrity: sha512-iwDZqg0QAGrg9Rav5H4n0M64c3mkR59cJ6wQp+7C4nI0gsmExaedaYLNO44eT4AtBBwjbTiGPMlt2Md0T9H9JQ==}

  universal-user-agent@7.0.3:
    resolution: {integrity: sha512-TmnEAEAsBJVZM/AADELsK76llnwcf9vMKuPz8JflO1frO8Lchitr0fNaN9d+Ap0BjKtqWqd/J17qeDnXh8CL2A==}

  widest-line@6.0.0:
    resolution: {integrity: sha512-U89AsyEeAsyoF0zVJBkG9zBgekjgjK7yk9sje3F4IQpXBJ10TF6ByLlIfjMhcmHMJgHZI4KHt4rdNfktzxIAMA==}
    engines: {node: '>=20'}

  wrap-ansi@9.0.2:
    resolution: {integrity: sha512-42AtmgqjV+X1VpdOfyTGOYRi0/zsoLqtXQckTmqTeybT+BDIbM/Guxo7x3pE2vtpr1ok6xRqM9OpBe+Jyoqyww==}
    engines: {node: '>=18'}

  wrappy@1.0.2:
    resolution: {integrity: sha512-l4Sp/DRseor9wL6EvV2+TuQn63dMkPjZ/sp9XkghTEbV9KlPS1xUsZ3u7/IQO4wxtcFB4bgpQPRcR3QCvezPcQ==}

  ws@8.21.3:
    resolution: {integrity: sha512-201TZ/kPWxoPr/OKWjquZR1SWKXcvxdH+e1xrx89b3YbmzLMFCLfnaG1HFIgWzJOEWZ7MvpK++odZufgYR50Rw==}
    engines: {node: '>=10.0.0'}
    peerDependencies:
      bufferutil: ^4.0.1
      utf-8-validate: '>=5.0.2'
    peerDependenciesMeta:
      bufferutil:
        optional: true
      utf-8-validate:
        optional: true

  yaml@2.9.0:
    resolution: {integrity: sha512-2AvhNX3mb8zd6Zy7INTtSpl1F15HW6Wnqj0srWlkKLcpYl/gMIMJiyuGq2KeI2YFxUPjdlB+3Lc10seMLtL4cA==}
    engines: {node: '>= 14.6'}
    hasBin: true

  yauzl@2.10.0:
    resolution: {integrity: sha512-p4a9I6X6nu6IhoGmBqAcbJy1mlC4j27vEPZX9F4L4/vZT3Lyq1VkFHw/V/PUcB9Buo+DG3iHkT0x3Qya58zc3g==}

  yoga-layout@3.2.1:
    resolution: {integrity: sha512-0LPOt3AxKqMdFBZA3HBAt/t/8vIKq7VaQYbuA8WxCgung+p9TVyKRYdpvCb80HcdTN2NkbIKbhNwKUfm3tQywQ==}

  zod@4.4.3:
    resolution: {integrity: sha512-ytENFjIJFl2UwYglde2jchW2Hwm4GJFLDiSXWdTrJQBIN9Fcyp7n4DhxJEiWNAJMV1/BqWfW/kkg71UDcHJyTQ==}

snapshots:

  '@alcalzone/ansi-tokenize@0.2.5':
    dependencies:
      ansi-styles: 6.2.3
      is-fullwidth-code-point: 5.1.0

  '@apidevtools/json-schema-ref-parser@11.9.3':
    dependencies:
      '@jsdevtools/ono': 7.1.3
      '@types/json-schema': 7.0.15
      js-yaml: 4.3.1

  '@cfworker/json-schema@4.1.1': {}

  '@graphql-typed-document-node/core@3.2.0(graphql@17.0.2)':
    dependencies:
      graphql: 17.0.2

  '@inquirer/ansi@2.0.7': {}

  '@inquirer/checkbox@5.2.1(@types/node@22.19.17)':
    dependencies:
      '@inquirer/ansi': 2.0.7
      '@inquirer/core': 11.2.1(@types/node@22.19.17)
      '@inquirer/figures': 2.0.7
      '@inquirer/type': 4.0.7(@types/node@22.19.17)
    optionalDependencies:
      '@types/node': 22.19.17

  '@inquirer/confirm@6.1.1(@types/node@22.19.17)':
    dependencies:
      '@inquirer/core': 11.2.1(@types/node@22.19.17)
      '@inquirer/type': 4.0.7(@types/node@22.19.17)
    optionalDependencies:
      '@types/node': 22.19.17

  '@inquirer/core@11.2.1(@types/node@22.19.17)':
    dependencies:
      '@inquirer/ansi': 2.0.7
      '@inquirer/figures': 2.0.7
      '@inquirer/type': 4.0.7(@types/node@22.19.17)
      cli-width: 4.1.0
      fast-wrap-ansi: 0.2.2
      mute-stream: 3.0.0
      signal-exit: 4.1.0
    optionalDependencies:
      '@types/node': 22.19.17

  '@inquirer/editor@5.2.2(@types/node@22.19.17)':
    dependencies:
      '@inquirer/core': 11.2.1(@types/node@22.19.17)
      '@inquirer/external-editor': 3.0.3(@types/node@22.19.17)
      '@inquirer/type': 4.0.7(@types/node@22.19.17)
    optionalDependencies:
      '@types/node': 22.19.17

  '@inquirer/expand@5.1.1(@types/node@22.19.17)':
    dependencies:
      '@inquirer/core': 11.2.1(@types/node@22.19.17)
      '@inquirer/type': 4.0.7(@types/node@22.19.17)
    optionalDependencies:
      '@types/node': 22.19.17

  '@inquirer/external-editor@3.0.3(@types/node@22.19.17)':
    dependencies:
      chardet: 2.2.0
      iconv-lite: 0.7.3
    optionalDependencies:
      '@types/node': 22.19.17

  '@inquirer/figures@2.0.7': {}

  '@inquirer/input@5.1.2(@types/node@22.19.17)':
    dependencies:
      '@inquirer/core': 11.2.1(@types/node@22.19.17)
      '@inquirer/type': 4.0.7(@types/node@22.19.17)
    optionalDependencies:
      '@types/node': 22.19.17

  '@inquirer/number@4.1.1(@types/node@22.19.17)':
    dependencies:
      '@inquirer/core': 11.2.1(@types/node@22.19.17)
      '@inquirer/type': 4.0.7(@types/node@22.19.17)
    optionalDependencies:
      '@types/node': 22.19.17

  '@inquirer/password@5.1.1(@types/node@22.19.17)':
    dependencies:
      '@inquirer/ansi': 2.0.7
      '@inquirer/core': 11.2.1(@types/node@22.19.17)
      '@inquirer/type': 4.0.7(@types/node@22.19.17)
    optionalDependencies:
      '@types/node': 22.19.17

  '@inquirer/prompts@8.3.0(@types/node@22.19.17)':
    dependencies:
      '@inquirer/checkbox': 5.2.1(@types/node@22.19.17)
      '@inquirer/confirm': 6.1.1(@types/node@22.19.17)
      '@inquirer/editor': 5.2.2(@types/node@22.19.17)
      '@inquirer/expand': 5.1.1(@types/node@22.19.17)
      '@inquirer/input': 5.1.2(@types/node@22.19.17)
      '@inquirer/number': 4.1.1(@types/node@22.19.17)
      '@inquirer/password': 5.1.1(@types/node@22.19.17)
      '@inquirer/rawlist': 5.3.1(@types/node@22.19.17)
      '@inquirer/search': 4.2.1(@types/node@22.19.17)
      '@inquirer/select': 5.2.1(@types/node@22.19.17)
    optionalDependencies:
      '@types/node': 22.19.17

  '@inquirer/rawlist@5.3.1(@types/node@22.19.17)':
    dependencies:
      '@inquirer/core': 11.2.1(@types/node@22.19.17)
      '@inquirer/type': 4.0.7(@types/node@22.19.17)
    optionalDependencies:
      '@types/node': 22.19.17

  '@inquirer/search@4.2.1(@types/node@22.19.17)':
    dependencies:
      '@inquirer/core': 11.2.1(@types/node@22.19.17)
      '@inquirer/figures': 2.0.7
      '@inquirer/type': 4.0.7(@types/node@22.19.17)
    optionalDependencies:
      '@types/node': 22.19.17

  '@inquirer/select@5.2.1(@types/node@22.19.17)':
    dependencies:
      '@inquirer/ansi': 2.0.7
      '@inquirer/core': 11.2.1(@types/node@22.19.17)
      '@inquirer/figures': 2.0.7
      '@inquirer/type': 4.0.7(@types/node@22.19.17)
    optionalDependencies:
      '@types/node': 22.19.17

  '@inquirer/type@4.0.7(@types/node@22.19.17)':
    optionalDependencies:
      '@types/node': 22.19.17

  '@jsdevtools/ono@7.1.3': {}

  '@linear/sdk@89.0.0(graphql@17.0.2)':
    dependencies:
      '@graphql-typed-document-node/core': 3.2.0(graphql@17.0.2)
    transitivePeerDependencies:
      - graphql

  '@modelcontextprotocol/core@2.0.0-beta.4':
    dependencies:
      zod: 4.4.3

  '@modelcontextprotocol/server@2.0.0-beta.4':
    dependencies:
      '@modelcontextprotocol/core': 2.0.0-beta.4
      zod: 4.4.3

  '@napi-rs/canvas-android-arm64@1.0.3':
    optional: true

  '@napi-rs/canvas-darwin-arm64@1.0.3':
    optional: true

  '@napi-rs/canvas-darwin-x64@1.0.3':
    optional: true

  '@napi-rs/canvas-linux-arm-gnueabihf@1.0.3':
    optional: true

  '@napi-rs/canvas-linux-arm64-gnu@1.0.3':
    optional: true

  '@napi-rs/canvas-linux-arm64-musl@1.0.3':
    optional: true

  '@napi-rs/canvas-linux-riscv64-gnu@1.0.3':
    optional: true

  '@napi-rs/canvas-linux-x64-gnu@1.0.3':
    optional: true

  '@napi-rs/canvas-linux-x64-musl@1.0.3':
    optional: true

  '@napi-rs/canvas-win32-arm64-msvc@1.0.3':
    optional: true

  '@napi-rs/canvas-win32-x64-msvc@1.0.3':
    optional: true

  '@napi-rs/canvas@1.0.3':
    optionalDependencies:
      '@napi-rs/canvas-android-arm64': 1.0.3
      '@napi-rs/canvas-darwin-arm64': 1.0.3
      '@napi-rs/canvas-darwin-x64': 1.0.3
      '@napi-rs/canvas-linux-arm-gnueabihf': 1.0.3
      '@napi-rs/canvas-linux-arm64-gnu': 1.0.3
      '@napi-rs/canvas-linux-arm64-musl': 1.0.3
      '@napi-rs/canvas-linux-riscv64-gnu': 1.0.3
      '@napi-rs/canvas-linux-x64-gnu': 1.0.3
      '@napi-rs/canvas-linux-x64-musl': 1.0.3
      '@napi-rs/canvas-win32-arm64-msvc': 1.0.3
      '@napi-rs/canvas-win32-x64-msvc': 1.0.3
    optional: true

  '@octokit/auth-token@6.0.0': {}

  '@octokit/core@7.0.6':
    dependencies:
      '@octokit/auth-token': 6.0.0
      '@octokit/graphql': 9.0.3
      '@octokit/request': 10.0.11
      '@octokit/request-error': 7.1.0
      '@octokit/types': 16.0.0
      before-after-hook: 4.0.0
      universal-user-agent: 7.0.3

  '@octokit/endpoint@11.0.3':
    dependencies:
      '@octokit/types': 16.0.0
      universal-user-agent: 7.0.3

  '@octokit/graphql@9.0.3':
    dependencies:
      '@octokit/request': 10.0.11
      '@octokit/types': 16.0.0
      universal-user-agent: 7.0.3

  '@octokit/openapi-types@27.0.0': {}

  '@octokit/request-error@7.1.0':
    dependencies:
      '@octokit/types': 16.0.0

  '@octokit/request@10.0.11':
    dependencies:
      '@octokit/endpoint': 11.0.3
      '@octokit/request-error': 7.1.0
      '@octokit/types': 16.0.0
      content-type: 2.0.0
      json-with-bigint: 3.5.10
      universal-user-agent: 7.0.3

  '@octokit/types@16.0.0':
    dependencies:
      '@octokit/openapi-types': 27.0.0

  '@openai/codex-sdk@0.148.0-alpha.8':
    dependencies:
      '@openai/codex': 0.148.0-alpha.8

  '@openai/codex@0.148.0-alpha.8':
    optionalDependencies:
      '@openai/codex-darwin-arm64': '@openai/codex@0.148.0-alpha.8-darwin-arm64'
      '@openai/codex-darwin-x64': '@openai/codex@0.148.0-alpha.8-darwin-x64'
      '@openai/codex-linux-arm64': '@openai/codex@0.148.0-alpha.8-linux-arm64'
      '@openai/codex-linux-x64': '@openai/codex@0.148.0-alpha.8-linux-x64'
      '@openai/codex-win32-arm64': '@openai/codex@0.148.0-alpha.8-win32-arm64'
      '@openai/codex-win32-x64': '@openai/codex@0.148.0-alpha.8-win32-x64'

  '@openai/codex@0.148.0-alpha.8-darwin-arm64':
    optional: true

  '@openai/codex@0.148.0-alpha.8-darwin-x64':
    optional: true

  '@openai/codex@0.148.0-alpha.8-linux-arm64':
    optional: true

  '@openai/codex@0.148.0-alpha.8-linux-x64':
    optional: true

  '@openai/codex@0.148.0-alpha.8-win32-arm64':
    optional: true

  '@openai/codex@0.148.0-alpha.8-win32-x64':
    optional: true

  '@scalar/openapi-types@0.8.0': {}

  '@toon-format/toon@2.3.0': {}

  '@types/bun@1.3.13':
    dependencies:
      bun-types: 1.3.13

  '@types/json-schema@7.0.15': {}

  '@types/lodash@4.17.24': {}

  '@types/node@22.19.17':
    dependencies:
      undici-types: 6.21.0

  '@types/papaparse@5.3.15':
    dependencies:
      '@types/node': 22.19.17

  '@types/react@19.2.14':
    dependencies:
      csstype: 3.2.3

  '@types/yauzl@2.10.3':
    dependencies:
      '@types/node': 22.19.17
    optional: true

  ajv@8.20.0:
    dependencies:
      fast-deep-equal: 3.1.3
      fast-uri: 3.1.5
      json-schema-traverse: 1.0.0
      require-from-string: 2.0.2

  ansi-escapes@7.3.0:
    dependencies:
      environment: 1.1.0

  ansi-regex@6.2.2: {}

  ansi-styles@6.2.3: {}

  argparse@2.0.1: {}

  auto-bind@5.0.1: {}

  before-after-hook@4.0.0: {}

  buffer-crc32@0.2.13: {}

  bun-types@1.3.13:
    dependencies:
      '@types/node': 22.19.17

  chalk@5.6.2: {}

  chardet@2.2.0: {}

  cli-boxes@3.0.0: {}

  cli-cursor@4.0.0:
    dependencies:
      restore-cursor: 4.0.0

  cli-truncate@5.2.0:
    dependencies:
      slice-ansi: 8.0.0
      string-width: 8.2.2

  cli-width@4.1.0: {}

  code-excerpt@4.0.0:
    dependencies:
      convert-to-spaces: 2.0.1

  content-type@2.0.0: {}

  convert-to-spaces@2.0.1: {}

  csstype@3.2.3: {}

  debug@4.4.3:
    dependencies:
      ms: 2.1.3

  emoji-regex@10.6.0: {}

  end-of-stream@1.4.5:
    dependencies:
      once: 1.4.0

  environment@1.1.0: {}

  es-toolkit@1.50.0: {}

  escape-string-regexp@2.0.0: {}

  extract-zip@2.0.1:
    dependencies:
      debug: 4.4.3
      get-stream: 5.2.0
      yauzl: 2.10.0
    optionalDependencies:
      '@types/yauzl': 2.10.3
    transitivePeerDependencies:
      - supports-color

  fast-deep-equal@3.1.3: {}

  fast-string-truncated-width@3.0.3: {}

  fast-string-width@3.0.2:
    dependencies:
      fast-string-truncated-width: 3.0.3

  fast-uri@3.1.5: {}

  fast-wrap-ansi@0.2.2:
    dependencies:
      fast-string-width: 3.0.2

  fd-slicer@1.1.0:
    dependencies:
      pend: 1.2.0

  fdir@6.5.0(picomatch@4.0.5):
    optionalDependencies:
      picomatch: 4.0.5

  fflate@0.8.2: {}

  get-east-asian-width@1.6.0: {}

  get-stream@5.2.0:
    dependencies:
      pump: 3.0.4

  graphql@17.0.2: {}

  iconv-lite@0.7.3:
    dependencies:
      safer-buffer: 2.1.2

  incur@0.4.13:
    dependencies:
      '@cfworker/json-schema': 4.1.1
      '@modelcontextprotocol/server': 2.0.0-beta.4
      '@scalar/openapi-types': 0.8.0
      '@toon-format/toon': 2.3.0
      tokenx: 1.3.0
      yaml: 2.9.0
      zod: 4.4.3

  indent-string@5.0.0: {}

  ink-testing-library@4.0.0(@types/react@19.2.14):
    optionalDependencies:
      '@types/react': 19.2.14

  ink@6.8.0(@types/react@19.2.14)(react@19.2.4):
    dependencies:
      '@alcalzone/ansi-tokenize': 0.2.5
      ansi-escapes: 7.3.0
      ansi-styles: 6.2.3
      auto-bind: 5.0.1
      chalk: 5.6.2
      cli-boxes: 3.0.0
      cli-cursor: 4.0.0
      cli-truncate: 5.2.0
      code-excerpt: 4.0.0
      es-toolkit: 1.50.0
      indent-string: 5.0.0
      is-in-ci: 2.0.0
      patch-console: 2.0.0
      react: 19.2.4
      react-reconciler: 0.33.0(react@19.2.4)
      scheduler: 0.27.0
      signal-exit: 3.0.7
      slice-ansi: 8.0.0
      stack-utils: 2.0.6
      string-width: 8.2.2
      terminal-size: 4.0.1
      type-fest: 5.8.0
      widest-line: 6.0.0
      wrap-ansi: 9.0.2
      ws: 8.21.3
      yoga-layout: 3.2.1
    optionalDependencies:
      '@types/react': 19.2.14
    transitivePeerDependencies:
      - bufferutil
      - utf-8-validate

  is-extglob@2.1.1: {}

  is-fullwidth-code-point@5.1.0:
    dependencies:
      get-east-asian-width: 1.6.0

  is-glob@4.0.3:
    dependencies:
      is-extglob: 2.1.1

  is-in-ci@2.0.0: {}

  js-yaml@4.3.1:
    dependencies:
      argparse: 2.0.1

  json-schema-to-typescript@15.0.4:
    dependencies:
      '@apidevtools/json-schema-ref-parser': 11.9.3
      '@types/json-schema': 7.0.15
      '@types/lodash': 4.17.24
      is-glob: 4.0.3
      js-yaml: 4.3.1
      lodash: 4.18.1
      minimist: 1.2.8
      prettier: 3.2.5
      tinyglobby: 0.2.17

  json-schema-traverse@1.0.0: {}

  json-with-bigint@3.5.10: {}

  lodash@4.18.1: {}

  mimic-fn@2.1.0: {}

  minimist@1.2.8: {}

  ms@2.1.3: {}

  mute-stream@3.0.0: {}

  once@1.4.0:
    dependencies:
      wrappy: 1.0.2

  onetime@5.1.2:
    dependencies:
      mimic-fn: 2.1.0

  papaparse@5.5.3: {}

  patch-console@2.0.0: {}

  pdfjs-dist@6.2.108:
    optionalDependencies:
      '@napi-rs/canvas': 1.0.3

  pend@1.2.0: {}

  picomatch@4.0.5: {}

  prettier@3.2.5: {}

  pump@3.0.4:
    dependencies:
      end-of-stream: 1.4.5
      once: 1.4.0

  react-reconciler@0.33.0(react@19.2.4):
    dependencies:
      react: 19.2.4
      scheduler: 0.27.0

  react@19.2.4: {}

  require-from-string@2.0.2: {}

  restore-cursor@4.0.0:
    dependencies:
      onetime: 5.1.2
      signal-exit: 3.0.7

  safer-buffer@2.1.2: {}

  scheduler@0.27.0: {}

  signal-exit@3.0.7: {}

  signal-exit@4.1.0: {}

  slice-ansi@8.0.0:
    dependencies:
      ansi-styles: 6.2.3
      is-fullwidth-code-point: 5.1.0

  smol-toml@1.6.1: {}

  stack-utils@2.0.6:
    dependencies:
      escape-string-regexp: 2.0.0

  string-width@7.2.0:
    dependencies:
      emoji-regex: 10.6.0
      get-east-asian-width: 1.6.0
      strip-ansi: 7.2.0

  string-width@8.2.2:
    dependencies:
      get-east-asian-width: 1.6.0
      strip-ansi: 7.2.0

  strip-ansi@7.2.0:
    dependencies:
      ansi-regex: 6.2.2

  tagged-tag@1.0.0: {}

  terminal-size@4.0.1: {}

  tinyglobby@0.2.17:
    dependencies:
      fdir: 6.5.0(picomatch@4.0.5)
      picomatch: 4.0.5

  tokenx@1.3.0: {}

  type-fest@5.8.0:
    dependencies:
      tagged-tag: 1.0.0

  typescript@5.7.3: {}

  undici-types@6.21.0: {}

  universal-user-agent@7.0.3: {}

  widest-line@6.0.0:
    dependencies:
      string-width: 8.2.2

  wrap-ansi@9.0.2:
    dependencies:
      ansi-styles: 6.2.3
      string-width: 7.2.0
      strip-ansi: 7.2.0

  wrappy@1.0.2: {}

  ws@8.21.3: {}

  yaml@2.9.0: {}

  yauzl@2.10.0:
    dependencies:
      buffer-crc32: 0.2.13
      fd-slicer: 1.1.0

  yoga-layout@3.2.1: {}

  zod@4.4.3: {}
